// !$*UTF8*$!
{
	archiveVersion = 1;
	classes = {
	};
	objectVersion = 46;
	objects = {

/* Begin PBXBuildFile section */
		4AC305BB1E199C6D00EECA7C /* AppDelegate.swift in Sources */ = {isa = PBXBuildFile; fileRef = 4AC305BA1E199C6D00EECA7C /* AppDelegate.swift */; };
		4AC305BD1E199C6D00EECA7C /* ViewController.swift in Sources */ = {isa = PBXBuildFile; fileRef = 4AC305BC1E199C6D00EECA7C /* ViewController.swift */; };
		4AC305C01E199C6D00EECA7C /* Main.storyboard in Resources */ = {isa = PBXBuildFile; fileRef = 4AC305BE1E199C6D00EECA7C /* Main.storyboard */; };
		4AC305C21E199C6D00EECA7C /* Assets.xcassets in Resources */ = {isa = PBXBuildFile; fileRef = 4AC305C11E199C6D00EECA7C /* Assets.xcassets */; };
		4AC305C51E199C6D00EECA7C /* LaunchScreen.storyboard in Resources */ = {isa = PBXBuildFile; fileRef = 4AC305C31E199C6D00EECA7C /* LaunchScreen.storyboard */; };
/* End PBXBuildFile section */

/* Begin PBXFileReference section */
		4AC305B71E199C6D00EECA7C /* Authorize.app */ = {isa = PBXFileReference; explicitFileType = wrapper.application; includeInIndex = 0; path = Authorize.app; sourceTree = BUILT_PRODUCTS_DIR; };
		4AC305BA1E199C6D00EECA7C /* AppDelegate.swift */ = {isa = PBXFileReference; lastKnownFileType = sourcecode.swift; path = AppDelegate.swift; sourceTree = "<group>"; };
		4AC305BC1E199C6D00EECA7C /* ViewController.swift */ = {isa = PBXFileReference; lastKnownFileType = sourcecode.swift; path = ViewController.swift; sourceTree = "<group>"; };
		4AC305BF1E199C6D00EECA7C /* Base */ = {isa = PBXFileReference; lastKnownFileType = file.storyboard; name = Base; path = Base.lproj/Main.storyboard; sourceTree = "<group>"; };
		4AC305C11E199C6D00EECA7C /* Assets.xcassets */ = {isa = PBXFileReference; lastKnownFileType = folder.assetcatalog; path = Assets.xcassets; sourceTree = "<group>"; };
		4AC305C41E199C6D00EECA7C /* Base */ = {isa = PBXFileReference; lastKnownFileType = file.storyboard; name = Base; path = Base.lproj/LaunchScreen.storyboard; sourceTree = "<group>"; };
		4AC305C61E199C6D00EECA7C /* Info.plist */ = {isa = PBXFileReference; lastKnownFileType = text.plist.xml; path = Info.plist; sourceTree = "<group>"; };
/* End PBXFileReference section */

/* Begin PBXFrameworksBuildPhase section */
		4AC305B41E199C6D00EECA7C /* Frameworks */ = {
			isa = PBXFrameworksBuildPhase;
			buildActionMask = 2147483647;
			files = (
			);
			runOnlyForDeploymentPostprocessing = 0;
		};
/* End PBXFrameworksBuildPhase section */

/* Begin PBXGroup section */
		4AC305AE1E199C6D00EECA7C = {
			isa = PBXGroup;
			children = (
				4AC305B91E199C6D00EECA7C /* Authorize */,
				4AC305B81E199C6D00EECA7C /* Products */,
			);
			sourceTree = "<group>";
		};
		4AC305B81E199C6D00EECA7C /* Products */ = {
			isa = PBXGroup;
			children = (
				4AC305B71E199C6D00EECA7C /* Authorize.app */,
			);
			name = Products;
			sourceTree = "<group>";
		};
		4AC305B91E199C6D00EECA7C /* Authorize */ = {
			isa = PBXGroup;
			children = (
				4AC305BA1E199C6D00EECA7C /* AppDelegate.swift */,
				4AC305BC1E199C6D00EECA7C /* ViewController.swift */,
				4AC305BE1E199C6D00EECA7C /* Main.storyboard */,
				4AC305C11E199C6D00EECA7C /* Assets.xcassets */,
				4AC305C31E199C6D00EECA7C /* LaunchScreen.storyboard */,
				4AC305C61E199C6D00EECA7C /* Info.plist */,
			);
			path = Authorize;
			sourceTree = "<group>";
		};
/* End PBXGroup section */

/* Begin PBXNativeTarget section */
		4AC305B61E199C6D00EECA7C /* Authorize */ = {
			isa = PBXNativeTarget;
			buildConfigurationList = 4AC305C91E199C6D00EECA7C /* Build configuration list for PBXNativeTarget "Authorize" */;
			buildPhases = (
				4AC305B31E199C6D00EECA7C /* Sources */,
				4AC305B41E199C6D00EECA7C /* Frameworks */,
				4AC305B51E199C6D00EECA7C /* Resources */,
			);
			buildRules = (
			);
			dependencies = (
			);
			name = Authorize;
			productName = Authorize;
			productReference = 4AC305B71E199C6D00EECA7C /* Authorize.app */;
			productType = "com.apple.product-type.application";
		};
/* End PBXNativeTarget section */

/* Begin PBXProject section */
		4AC305AF1E199C6D00EECA7C /* Project object */ = {
			isa = PBXProject;
			attributes = {
				LastSwiftUpdateCheck = 0820;
				LastUpgradeCheck = 0820;
				ORGANIZATIONNAME = "Kasey Schlaudt";
				TargetAttributes = {
					4AC305B61E199C6D00EECA7C = {
						CreatedOnToolsVersion = 8.2.1;
						DevelopmentTeam = JKSR5823SA;
						ProvisioningStyle = Automatic;
					};
				};
			};
			buildConfigurationList = 4AC305B21E199C6D00EECA7C /* Build configuration list for PBXProject "Authorize" */;
			compatibilityVersion = "Xcode 3.2";
			developmentRegion = English;
			hasScannedForEncodings = 0;
			knownRegions = (
				en,
				Base,
			);
			mainGroup = 4AC305AE1E199C6D00EECA7C;
			productRefGroup = 4AC305B81E199C6D00EECA7C /* Products */;
			projectDirPath = "";
			projectRoot = "";
			targets = (
				4AC305B61E199C6D00EECA7C /* Authorize */,
			);
		};
/* End PBXProject section */

/* Begin PBXResourcesBuildPhase section */
		4AC305B51E199C6D00EECA7C /* Resources */ = {
			isa = PBXResourcesBuildPhase;
			buildActionMask = 2147483647;
			files = (
				4AC305C51E199C6D00EECA7C /* LaunchScreen.storyboard in Resources */,
				4AC305C21E199C6D00EECA7C /* Assets.xcassets in Resources */,
				4AC305C01E199C6D00EECA7C /* Main.storyboard in Resources */,
			);
			runOnlyForDeploymentPostprocessing = 0;
		};
/* End PBXResourcesBuildPhase section */

/* Begin PBXSourcesBuildPhase section */
		4AC305B31E199C6D00EECA7C /* Sources */ = {
			isa = PBXSourcesBuildPhase;
			buildActionMask = 2147483647;
			files = (
				4AC305BD1E199C6D00EECA7C /* ViewController.swift in Sources */,
				4AC305BB1E199C6D00EECA7C /* AppDelegate.swift in Sources */,
			);
			runOnlyForDeploymentPostprocessing = 0;
		};
/* End PBXSourcesBuildPhase section */

/* Begin PBXVariantGroup section */
		4AC305BE1E199C6D00EECA7C /* Main.storyboard */ = {
			isa = PBXVariantGroup;
			children = (
				4AC305BF1E199C6D00EECA7C /* Base */,
			);
			name = Main.storyboard;
			sourceTree = "<group>";
		};
		4AC305C31E199C6D00EECA7C /* LaunchScreen.storyboard */ = {
			isa = PBXVariantGroup;
			children = (
				4AC305C41E199C6D00EECA7C /* Base */,
			);
			name = LaunchScreen.storyboard;
			sourceTree = "<group>";
		};
/* End PBXVariantGroup section */

/* Begin XCBuildConfiguration section */
		4AC305C71E199C6D00EECA7C /* Debug */ = {
			isa = XCBuildConfiguration;
			buildSettings = {
				ALWAYS_SEARCH_USER_PATHS = NO;
				CLANG_ANALYZER_NONNULL = YES;
				CLANG_CXX_LANGUAGE_STANDARD = "gnu++0x";
				CLANG_CXX_LIBRARY = "libc++";
				CLANG_ENABLE_MODULES = YES;
				CLANG_ENABLE_OBJC_ARC = YES;
				CLANG_WARN_BOOL_CONVERSION = YES;
				CLANG_WARN_CONSTANT_CONVERSION = YES;
				CLANG_WARN_DIRECT_OBJC_ISA_USAGE = YES_ERROR;
				CLANG_WARN_DOCUMENTATION_COMMENTS = YES;
				CLANG_WARN_EMPTY_BODY = YES;
				CLANG_WARN_ENUM_CONVERSION = YES;
				CLANG_WARN_INFINITE_RECURSION = YES;
				CLANG_WARN_INT_CONVERSION = YES;
				CLANG_WARN_OBJC_ROOT_CLASS = YES_ERROR;
				CLANG_WARN_SUSPICIOUS_MOVE = YES;
				CLANG_WARN_UNREACHABLE_CODE = YES;
				CLANG_WARN__DUPLICATE_METHOD_MATCH = YES;
				"CODE_SIGN_IDENTITY[sdk=iphoneos*]" = "iPhone Developer";
				COPY_PHASE_STRIP = NO;
				DEBUG_INFORMATION_FORMAT = dwarf;
				ENABLE_STRICT_OBJC_MSGSEND = YES;
				ENABLE_TESTABILITY = YES;
				GCC_C_LANGUAGE_STANDARD = gnu99;
				GCC_DYNAMIC_NO_PIC = NO;
				GCC_NO_COMMON_BLOCKS = YES;
				GCC_OPTIMIZATION_LEVEL = 0;
				GCC_PREPROCESSOR_DEFINITIONS = (
					"DEBUG=1",
					"$(inherited)",
				);
				GCC_WARN_64_TO_32_BIT_CONVERSION = YES;
				GCC_WARN_ABOUT_RETURN_TYPE = YES_ERROR;
				GCC_WARN_UNDECLARED_SELECTOR = YES;
				GCC_WARN_UNINITIALIZED_AUTOS = YES_AGGRESSIVE;
				GCC_WARN_UNUSED_FUNCTION = YES;
				GCC_WARN_UNUSED_VARIABLE = YES;
				IPHONEOS_DEPLOYMENT_TARGET = 10.2;
				MTL_ENABLE_DEBUG_INFO = YES;
				ONLY_ACTIVE_ARCH = YES;
				SDKROOT = iphoneos;
				SWIFT_ACTIVE_COMPILATION_CONDITIONS = DEBUG;
				SWIFT_OPTIMIZATION_LEVEL = "-Onone";
				TARGETED_DEVICE_FAMILY = "1,2";
			};
			name = Debug;
		};
		4AC305C81E199C6D00EECA7C /* Release */ = {
			isa = XCBuildConfiguration;
			buildSettings = {
				ALWAYS_SEARCH_USER_PATHS = NO;
				CLANG_ANALYZER_NONNULL = YES;
				CLANG_CXX_LANGUAGE_STANDARD = "gnu++0x";
				CLANG_CXX_LIBRARY = "libc++";
				CLANG_ENABLE_MODULES = YES;
				CLANG_ENABLE_OBJC_ARC = YES;
				CLANG_WARN_BOOL_CONVERSION = YES;
				CLANG_WARN_CONSTANT_CONVERSION = YES;
				CLANG_WARN_DIRECT_OBJC_ISA_USAGE = YES_ERROR;
				CLANG_WARN_DOCUMENTATION_COMMENTS = YES;
				CLANG_WARN_EMPTY_BODY = YES;
				CLANG_WARN_ENUM_CONVERSION = YES;
				CLANG_WARN_INFINITE_RECURSION = YES;
				CLANG_WARN_INT_CONVERSION = YES;
				CLANG_WARN_OBJC_ROOT_CLASS = YES_ERROR;
				CLANG_WARN_SUSPICIOUS_MOVE = YES;
				CLANG_WARN_UNREACHABLE_CODE = YES;
				CLANG_WARN__DUPLICATE_METHOD_MATCH = YES;
				"CODE_SIGN_IDENTITY[sdk=iphoneos*]" = "iPhone Developer";
				COPY_PHASE_STRIP = NO;
				DEBUG_INFORMATION_FORMAT = "dwarf-with-dsym";
				ENABLE_NS_ASSERTIONS = NO;
				ENABLE_STRICT_OBJC_MSGSEND = YES;
				GCC_C_LANGUAGE_STANDARD = gnu99;
				GCC_NO_COMMON_BLOCKS = YES;
				GCC_WARN_64_TO_32_BIT_CONVERSION = YES;
				GCC_WARN_ABOUT_RETURN_TYPE = YES_ERROR;
				GCC_WARN_UNDECLARED_SELECTOR = YES;
				GCC_WARN_UNINITIALIZED_AUTOS = YES_AGGRESSIVE;
				GCC_WARN_UNUSED_FUNCTION = YES;
				GCC_WARN_UNUSED_VARIABLE = YES;
				IPHONEOS_DEPLOYMENT_TARGET = 10.2;
				MTL_ENABLE_DEBUG_INFO = NO;
				SDKROOT = iphoneos;
				SWIFT_OPTIMIZATION_LEVEL = "-Owholemodule";
				TARGETED_DEVICE_FAMILY = "1,2";
				VALIDATE_PRODUCT = YES;
			};
			name = Release;
		};
		4AC305CA1E199C6D00EECA7C /* Debug */ = {
			isa = XCBuildConfiguration;
			buildSettings = {
				ASSETCATALOG_COMPILER_APPICON_NAME = AppIcon;
				DEVELOPMENT_TEAM = JKSR5823SA;
				INFOPLIST_FILE = Authorize/Info.plist;
				LD_RUNPATH_SEARCH_PATHS = "$(inherited) @executable_path/Frameworks";
				PRODUCT_BUNDLE_IDENTIFIER = com.kaseyschlaudt.Authorize;
				PRODUCT_NAME = "$(TARGET_NAME)";
				SWIFT_VERSION = 3.0;
			};
			name = Debug;
		};
		4AC305CB1E199C6D00EECA7C /* Release */ = {
			isa = XCBuildConfiguration;
			buildSettings = {
				ASSETCATALOG_COMPILER_APPICON_NAME = AppIcon;
				DEVELOPMENT_TEAM = JKSR5823SA;
				INFOPLIST_FILE = Authorize/Info.plist;
				LD_RUNPATH_SEARCH_PATHS = "$(inherited) @executable_path/Frameworks";
				PRODUCT_BUNDLE_IDENTIFIER = com.kaseyschlaudt.Authorize;
				PRODUCT_NAME = "$(TARGET_NAME)";
				SWIFT_VERSION = 3.0;
			};
			name = Release;
		};
/* End XCBuildConfiguration section */

/* Begin XCConfigurationList section */
		4AC305B21E199C6D00EECA7C /* Build configuration list for PBXProject "Authorize" */ = {
			isa = XCConfigurationList;
			buildConfigurations = (
				4AC305C71E199C6D00EECA7C /* Debug */,
				4AC305C81E199C6D00EECA7C /* Release */,
			);
			defaultConfigurationIsVisible = 0;
			defaultConfigurationName = Release;
		};
		4AC305C91E199C6D00EECA7C /* Build configuration list for PBXNativeTarget "Authorize" */ = {
			isa = XCConfigurationList;
			buildConfigurations = (
				4AC305CA1E199C6D00EECA7C /* Debug */,
				4AC305CB1E199C6D00EECA7C /* Release */,
			);
			defaultConfigurationIsVisible = 0;
		};
/* End XCConfigurationList section */
	};
	rootObject = 4AC305AF1E199C6D00EECA7C /* Project object */;
}
